<?xml version="1.0" encoding="utf-8"?>
<Project ToolsVersion="4.0" xmlns="http://schemas.microsoft.com/developer/msbuild/2003">
  <ItemGroup>
    <Filter Include="Core">
      <UniqueIdentifier>{2EB4837C-1AEB-840D-C3D7-6A10AFED000F}</UniqueIdentifier>
    </Filter>
    <Filter Include="Editor">
      <UniqueIdentifier>{8C1A20B0-78BC-4A86-6177-5EDA4DB8D1D6}</UniqueIdentifier>
    </Filter>
    <Filter Include="ImGui">
      <UniqueIdentifier>{C0FF640D-2C14-8DBE-F595-301E616989EF}</UniqueIdentifier>
    </Filter>
    <Filter Include="ImGui\backends">
      <UniqueIdentifier>{EA31F6D9-D6FF-E9DF-BF93-5A06AB00C644}</UniqueIdentifier>
    </Filter>
    <Filter Include="Platform">
      <UniqueIdentifier>{2AC788B4-1694-E3BF-3FAD-D1672BD9184E}</UniqueIdentifier>
    </Filter>
    <Filter Include="Platform\DirectX11">
      <UniqueIdentifier>{6EE5EAC0-5AC9-AB16-C329-A669AF2C9698}</UniqueIdentifier>
    </Filter>
    <Filter Include="Platform\Windows">
      <UniqueIdentifier>{64FBD71A-50F4-F66C-7926-DCF1657ED678}</UniqueIdentifier>
    </Filter>
    <Filter Include="Renderer">
      <UniqueIdentifier>{7CCE658F-689B-C09A-91B4-AE427DE0F528}</UniqueIdentifier>
    </Filter>
    <Filter Include="Scene">
      <UniqueIdentifier>{B3F7140E-1F0C-3DBF-E88D-E01E546139F0}</UniqueIdentifier>
    </Filter>
    <Filter Include="Utils">
      <UniqueIdentifier>{F68B420E-62A0-6ABF-2B22-0E1F97F566F0}</UniqueIdentifier>
    </Filter>
    <Filter Include="box2d">
      <UniqueIdentifier>{E4442B0F-5059-53C0-19DB-F61F85AE4FF1}</UniqueIdentifier>
    </Filter>
    <Filter Include="box2d\include">
      <UniqueIdentifier>{571091D1-C3D0-0C08-8C0B-5685F88A51E4}</UniqueIdentifier>
    </Filter>
    <Filter Include="box2d\include\box2d">
      <UniqueIdentifier>{E56FF63B-51D1-D349-DA3E-1AFC469F0A09}</UniqueIdentifier>
    </Filter>
    <Filter Include="box2d\src">
      <UniqueIdentifier>{e21f2f88-6e5b-4886-ab9f-e3d8e33275ea}</UniqueIdentifier>
    </Filter>
  </ItemGroup>
  <ItemGroup>
    <ClInclude Include="src\Application.h" />
    <ClInclude Include="src\Core.h" />
    <ClInclude Include="src\Core\ApplicationEvent.h">
      <Filter>Core</Filter>
    </ClInclude>
    <ClInclude Include="src\Core\Memory.h">
      <Filter>Core</Filter>
    </ClInclude>
    <ClInclude Include="src\Core\MemoryMacro.h">
      <Filter>Core</Filter>
    </ClInclude>
    <ClInclude Include="src\Core\Window.h">
      <Filter>Core</Filter>
    </ClInclude>
    <ClInclude Include="src\Editor\SceneHierarchyPanel.h">
      <Filter>Editor</Filter>
    </ClInclude>
    <ClInclude Include="src\EntryPoint.h" />
    <ClInclude Include="src\ImGui\backends\imgui_impl_dx11.h">
      <Filter>ImGui\backends</Filter>
    </ClInclude>
    <ClInclude Include="src\ImGui\backends\imgui_impl_win32.h">
      <Filter>ImGui\backends</Filter>
    </ClInclude>
    <ClInclude Include="src\ImGui\imconfig.h">
      <Filter>ImGui</Filter>
    </ClInclude>
    <ClInclude Include="src\ImGui\imgui.h">
      <Filter>ImGui</Filter>
    </ClInclude>
    <ClInclude Include="src\ImGui\imgui_internal.h">
      <Filter>ImGui</Filter>
    </ClInclude>
    <ClInclude Include="src\ImGui\imstb_rectpack.h">
      <Filter>ImGui</Filter>
    </ClInclude>
    <ClInclude Include="src\ImGui\imstb_textedit.h">
      <Filter>ImGui</Filter>
    </ClInclude>
    <ClInclude Include="src\ImGui\imstb_truetype.h">
      <Filter>ImGui</Filter>
    </ClInclude>
    <ClInclude Include="src\Platform\DirectX11\DX11Buffer.h">
      <Filter>Platform\DirectX11</Filter>
    </ClInclude>
    <ClInclude Include="src\Platform\DirectX11\DX11Context.h">
      <Filter>Platform\DirectX11</Filter>
    </ClInclude>
    <ClInclude Include="src\Platform\DirectX11\DX11RendererAPI.h">
      <Filter>Platform\DirectX11</Filter>
    </ClInclude>
    <ClInclude Include="src\Platform\DirectX11\DX11Shader.h">
      <Filter>Platform\DirectX11</Filter>
    </ClInclude>
    <ClInclude Include="src\Platform\DirectX11\DX11Texture.h">
      <Filter>Platform\DirectX11</Filter>
    </ClInclude>
    <ClInclude Include="src\Platform\Windows\WindowsWindow.h">
      <Filter>Platform\Windows</Filter>
    </ClInclude>
    <ClInclude Include="src\Renderer\Buffer.h">
      <Filter>Renderer</Filter>
    </ClInclude>
    <ClInclude Include="src\Renderer\GraphicsContext.h">
      <Filter>Renderer</Filter>
    </ClInclude>
    <ClInclude Include="src\Renderer\PerspectiveCamera.h">
      <Filter>Renderer</Filter>
    </ClInclude>
    <ClInclude Include="src\Renderer\RenderCommand.h">
      <Filter>Renderer</Filter>
    </ClInclude>
    <ClInclude Include="src\Renderer\Renderer.h">
      <Filter>Renderer</Filter>
    </ClInclude>
    <ClInclude Include="src\Renderer\Renderer2D.h">
      <Filter>Renderer</Filter>
    </ClInclude>
    <ClInclude Include="src\Renderer\RendererAPI.h">
      <Filter>Renderer</Filter>
    </ClInclude>
    <ClInclude Include="src\Renderer\Shader.h">
      <Filter>Renderer</Filter>
    </ClInclude>
    <ClInclude Include="src\Renderer\Texture.h">
      <Filter>Renderer</Filter>
    </ClInclude>
    <ClInclude Include="src\Scene\Components.h">
      <Filter>Scene</Filter>
    </ClInclude>
    <ClInclude Include="src\Scene\Entity.h">
      <Filter>Scene</Filter>
    </ClInclude>
    <ClInclude Include="src\Scene\Scene.h">
      <Filter>Scene</Filter>
    </ClInclude>
    <ClInclude Include="src\Scene\SceneSerializer.h">
      <Filter>Scene</Filter>
    </ClInclude>
    <ClInclude Include="src\Scene\ScriptableEntity.h">
      <Filter>Scene</Filter>
    </ClInclude>
    <ClInclude Include="src\Utils\PlatformUtils.h">
      <Filter>Utils</Filter>
    </ClInclude>
    <ClInclude Include="src\box2d\include\box2d\base.h">
      <Filter>box2d\include\box2d</Filter>
    </ClInclude>
    <ClInclude Include="src\box2d\include\box2d\box2d.h">
      <Filter>box2d\include\box2d</Filter>
    </ClInclude>
    <ClInclude Include="src\box2d\include\box2d\collision.h">
      <Filter>box2d\include\box2d</Filter>
    </ClInclude>
    <ClInclude Include="src\box2d\include\box2d\id.h">
      <Filter>box2d\include\box2d</Filter>
    </ClInclude>
    <ClInclude Include="src\box2d\include\box2d\math_functions.h">
      <Filter>box2d\include\box2d</Filter>
    </ClInclude>
    <ClInclude Include="src\box2d\include\box2d\types.h">
      <Filter>box2d\include\box2d</Filter>
    </ClInclude>
    <ClInclude Include="src\stb_image.h" />
    <ClInclude Include="src\box2d\src\aabb.h">
      <Filter>box2d\src</Filter>
    </ClInclude>
    <ClInclude Include="src\box2d\src\arena_allocator.h">
      <Filter>box2d\src</Filter>
    </ClInclude>
    <ClInclude Include="src\box2d\src\array.h">
      <Filter>box2d\src</Filter>
    </ClInclude>
    <ClInclude Include="src\box2d\src\atomic.h">
      <Filter>box2d\src</Filter>
    </ClInclude>
    <ClInclude Include="src\box2d\src\bitset.h">
      <Filter>box2d\src</Filter>
    </ClInclude>
    <ClInclude Include="src\box2d\src\body.h">
      <Filter>box2d\src</Filter>
    </ClInclude>
    <ClInclude Include="src\box2d\src\broad_phase.h">
      <Filter>box2d\src</Filter>
    </ClInclude>
    <ClInclude Include="src\box2d\src\constants.h">
      <Filter>box2d\src</Filter>
    </ClInclude>
    <ClInclude Include="src\box2d\src\constraint_graph.h">
      <Filter>box2d\src</Filter>
    </ClInclude>
    <ClInclude Include="src\box2d\src\contact.h">
      <Filter>box2d\src</Filter>
    </ClInclude>
    <ClInclude Include="src\box2d\src\contact_solver.h">
      <Filter>box2d\src</Filter>
    </ClInclude>
    <ClInclude Include="src\box2d\src\core.h">
      <Filter>box2d\src</Filter>
    </ClInclude>
    <ClInclude Include="src\box2d\src\ctz.h">
      <Filter>box2d\src</Filter>
    </ClInclude>
    <ClInclude Include="src\box2d\src\id_pool.h">
      <Filter>box2d\src</Filter>
    </ClInclude>
    <ClInclude Include="src\box2d\src\island.h">
      <Filter>box2d\src</Filter>
    </ClInclude>
    <ClInclude Include="src\box2d\src\joint.h">
      <Filter>box2d\src</Filter>
    </ClInclude>
    <ClInclude Include="src\box2d\src\sensor.h">
      <Filter>box2d\src</Filter>
    </ClInclude>
    <ClInclude Include="src\box2d\src\shape.h">
      <Filter>box2d\src</Filter>
    </ClInclude>
    <ClInclude Include="src\box2d\src\solver.h">
      <Filter>box2d\src</Filter>
    </ClInclude>
    <ClInclude Include="src\box2d\src\solver_set.h">
      <Filter>box2d\src</Filter>
    </ClInclude>
    <ClInclude Include="src\box2d\src\table.h">
      <Filter>box2d\src</Filter>
    </ClInclude>
    <ClInclude Include="src\box2d\src\world.h">
      <Filter>box2d\src</Filter>
    </ClInclude>
  </ItemGroup>
  <ItemGroup>
    <ClCompile Include="src\Application.cpp" />
    <ClCompile Include="src\Core\Memory.cpp">
      <Filter>Core</Filter>
    </ClCompile>
    <ClCompile Include="src\Core\Window.cpp">
      <Filter>Core</Filter>
    </ClCompile>
    <ClCompile Include="src\Editor\SceneHierarchyPanel.cpp">
      <Filter>Editor</Filter>
    </ClCompile>
    <ClCompile Include="src\ImGui\backends\imgui_impl_dx11.cpp">
      <Filter>ImGui\backends</Filter>
    </ClCompile>
    <ClCompile Include="src\ImGui\backends\imgui_impl_win32.cpp">
      <Filter>ImGui\backends</Filter>
    </ClCompile>
    <ClCompile Include="src\ImGui\imgui.cpp">
      <Filter>ImGui</Filter>
    </ClCompile>
    <ClCompile Include="src\ImGui\imgui_demo.cpp">
      <Filter>ImGui</Filter>
    </ClCompile>
    <ClCompile Include="src\ImGui\imgui_draw.cpp">
      <Filter>ImGui</Filter>
    </ClCompile>
    <ClCompile Include="src\ImGui\imgui_tables.cpp">
      <Filter>ImGui</Filter>
    </ClCompile>
    <ClCompile Include="src\ImGui\imgui_widgets.cpp">
      <Filter>ImGui</Filter>
    </ClCompile>
    <ClCompile Include="src\Platform\DirectX11\DX11Buffer.cpp">
      <Filter>Platform\DirectX11</Filter>
    </ClCompile>
    <ClCompile Include="src\Platform\DirectX11\DX11Context.cpp">
      <Filter>Platform\DirectX11</Filter>
    </ClCompile>
    <ClCompile Include="src\Platform\DirectX11\DX11RendererAPI.cpp">
      <Filter>Platform\DirectX11</Filter>
    </ClCompile>
    <ClCompile Include="src\Platform\DirectX11\DX11Shader.cpp">
      <Filter>Platform\DirectX11</Filter>
    </ClCompile>
    <ClCompile Include="src\Platform\DirectX11\DX11Texture.cpp">
      <Filter>Platform\DirectX11</Filter>
    </ClCompile>
    <ClCompile Include="src\Platform\Windows\WindowsWindow.cpp">
      <Filter>Platform\Windows</Filter>
    </ClCompile>
    <ClCompile Include="src\Renderer\Buffer.cpp">
      <Filter>Renderer</Filter>
    </ClCompile>
    <ClCompile Include="src\Renderer\PerspectiveCamera.cpp">
      <Filter>Renderer</Filter>
    </ClCompile>
    <ClCompile Include="src\Renderer\RenderCommand.cpp">
      <Filter>Renderer</Filter>
    </ClCompile>
    <ClCompile Include="src\Renderer\Renderer.cpp">
      <Filter>Renderer</Filter>
    </ClCompile>
    <ClCompile Include="src\Renderer\Renderer2D.cpp">
      <Filter>Renderer</Filter>
    </ClCompile>
    <ClCompile Include="src\Renderer\RendererAPI.cpp">
      <Filter>Renderer</Filter>
    </ClCompile>
    <ClCompile Include="src\Renderer\Shader.cpp">
      <Filter>Renderer</Filter>
    </ClCompile>
    <ClCompile Include="src\Scene\Entity.cpp">
      <Filter>Scene</Filter>
    </ClCompile>
    <ClCompile Include="src\Scene\Scene.cpp">
      <Filter>Scene</Filter>
    </ClCompile>
    <ClCompile Include="src\Scene\SceneSerializer.cpp">
      <Filter>Scene</Filter>
    </ClCompile>
    <ClCompile Include="src\Utils\PlatformUtils.cpp">
      <Filter>Utils</Filter>
    </ClCompile>
    <ClCompile Include="src\stb_image_impl.cpp" />
    <ClCompile Include="src\box2d\src\aabb.c">
      <Filter>box2d\src</Filter>
    </ClCompile>
    <ClCompile Include="src\box2d\src\arena_allocator.c">
      <Filter>box2d\src</Filter>
    </ClCompile>
    <ClCompile Include="src\box2d\src\array.c">
      <Filter>box2d\src</Filter>
    </ClCompile>
    <ClCompile Include="src\box2d\src\bitset.c">
      <Filter>box2d\src</Filter>
    </ClCompile>
    <ClCompile Include="src\box2d\src\body.c">
      <Filter>box2d\src</Filter>
    </ClCompile>
    <ClCompile Include="src\box2d\src\broad_phase.c">
      <Filter>box2d\src</Filter>
    </ClCompile>
    <ClCompile Include="src\box2d\src\constraint_graph.c">
      <Filter>box2d\src</Filter>
    </ClCompile>
    <ClCompile Include="src\box2d\src\contact.c">
      <Filter>box2d\src</Filter>
    </ClCompile>
    <ClCompile Include="src\box2d\src\contact_solver.c">
      <Filter>box2d\src</Filter>
    </ClCompile>
    <ClCompile Include="src\box2d\src\core.c">
      <Filter>box2d\src</Filter>
    </ClCompile>
    <ClCompile Include="src\box2d\src\distance.c">
      <Filter>box2d\src</Filter>
    </ClCompile>
    <ClCompile Include="src\box2d\src\distance_joint.c">
      <Filter>box2d\src</Filter>
    </ClCompile>
    <ClCompile Include="src\box2d\src\dynamic_tree.c">
      <Filter>box2d\src</Filter>
    </ClCompile>
    <ClCompile Include="src\box2d\src\geometry.c">
      <Filter>box2d\src</Filter>
    </ClCompile>
    <ClCompile Include="src\box2d\src\hull.c">
      <Filter>box2d\src</Filter>
    </ClCompile>
    <ClCompile Include="src\box2d\src\id_pool.c">
      <Filter>box2d\src</Filter>
    </ClCompile>
    <ClCompile Include="src\box2d\src\island.c">
      <Filter>box2d\src</Filter>
    </ClCompile>
    <ClCompile Include="src\box2d\src\joint.c">
      <Filter>box2d\src</Filter>
    </ClCompile>
    <ClCompile Include="src\box2d\src\manifold.c">
      <Filter>box2d\src</Filter>
    </ClCompile>
    <ClCompile Include="src\box2d\src\math_functions.c">
      <Filter>box2d\src</Filter>
    </ClCompile>
    <ClCompile Include="src\box2d\src\motor_joint.c">
      <Filter>box2d\src</Filter>
    </ClCompile>
    <ClCompile Include="src\box2d\src\mouse_joint.c">
      <Filter>box2d\src</Filter>
    </ClCompile>
    <ClCompile Include="src\box2d\src\mover.c">
      <Filter>box2d\src</Filter>
    </ClCompile>
    <ClCompile Include="src\box2d\src\prismatic_joint.c">
      <Filter>box2d\src</Filter>
    </ClCompile>
    <ClCompile Include="src\box2d\src\revolute_joint.c">
      <Filter>box2d\src</Filter>
    </ClCompile>
    <ClCompile Include="src\box2d\src\sensor.c">
      <Filter>box2d\src</Filter>
    </ClCompile>
    <ClCompile Include="src\box2d\src\shape.c">
      <Filter>box2d\src</Filter>
    </ClCompile>
    <ClCompile Include="src\box2d\src\solver.c">
      <Filter>box2d\src</Filter>
    </ClCompile>
    <ClCompile Include="src\box2d\src\solver_set.c">
      <Filter>box2d\src</Filter>
    </ClCompile>
    <ClCompile Include="src\box2d\src\table.c">
      <Filter>box2d\src</Filter>
    </ClCompile>
    <ClCompile Include="src\box2d\src\timer.c">
      <Filter>box2d\src</Filter>
    </ClCompile>
    <ClCompile Include="src\box2d\src\types.c">
      <Filter>box2d\src</Filter>
    </ClCompile>
    <ClCompile Include="src\box2d\src\weld_joint.c">
      <Filter>box2d\src</Filter>
    </ClCompile>
    <ClCompile Include="src\box2d\src\wheel_joint.c">
      <Filter>box2d\src</Filter>
    </ClCompile>
    <ClCompile Include="src\box2d\src\world.c">
      <Filter>box2d\src</Filter>
    </ClCompile>
  </ItemGroup>
  <ItemGroup>
    <Natvis Include="src\box2d\src\box2d.natvis">
      <Filter>box2d\src</Filter>
    </Natvis>
  </ItemGroup>
  <ItemGroup>
    <Text Include="src\box2d\src\CMakeLists.txt">
      <Filter>box2d\src</Filter>
    </Text>
  </ItemGroup>
</Project>